<?xml version="1.0" encoding="UTF-8"?>
<Scheme
   version = "1.3">
   <BuildAction>
      <BuildActionEntries>
         <BuildActionEntry
            buildForRunning = "YES">
            <BuildableReference
               BuildableIdentifier = "primary"
               BlueprintIdentifier = "17AE074FC01169660204261A"
               BuildableName = "MobiusRSS.app"
               BlueprintName = "MobiusRSS"
               ReferencedContainer = "container:MobiusRSS.xcodeproj">
            </BuildableReference>
         </BuildActionEntry>
      </BuildActionEntries>
   </BuildAction>
   <LaunchAction
      useCustomWorkingDirectory = "NO"
      buildConfiguration = "Debug">
      <BuildableProductRunnable>
         <BuildableReference
            BuildableIdentifier = "primary"
            BlueprintIdentifier = "17AE074FC01169660204261A"
            BuildableName = "MobiusRSS.app"
            BlueprintName = "MobiusRSS"
            ReferencedContainer = "container:MobiusRSS.xcodeproj">
         </BuildableReference>
      </BuildableProductRunnable>
   </LaunchAction>
</Scheme>
